
Microsoft Visual Studio Solution File, Format Version 12.00
# Visual Studio Version 17
VisualStudioVersion = 17.6.33829.357
MinimumVisualStudioVersion = 10.0.40219.1
Project("{9A19103F-16F7-4668-BE54-9A1E7A4F7556}") = "TeduEcommerce.Domain", "src\TeduEcommerce.Domain\TeduEcommerce.Domain.csproj", "{554AD327-6DBA-4F8F-96F8-81CE7A0C863F}"
EndProject
Project("{9A19103F-16F7-4668-BE54-9A1E7A4F7556}") = "TeduEcommerce.Application", "src\TeduEcommerce.Application\TeduEcommerce.Application.csproj", "{1A94A50E-06DC-43C1-80B5-B662820EC3EB}"
EndProject
Project("{9A19103F-16F7-4668-BE54-9A1E7A4F7556}") = "TeduEcommerce.EntityFrameworkCore", "src\TeduEcommerce.EntityFrameworkCore\TeduEcommerce.EntityFrameworkCore.csproj", "{C956DD76-69C8-4A9C-83EA-D17DF83340FD}"
EndProject
Project("{2150E333-8FDC-42A3-9474-1A3956D46DE8}") = "src", "src", "{CA9AC87F-097E-4F15-8393-4BC07735A5B0}"
EndProject
Project("{2150E333-8FDC-42A3-9474-1A3956D46DE8}") = "test", "test", "{04DBDB01-70F4-4E06-B468-8F87850B22BE}"
EndProject
Project("{9A19103F-16F7-4668-BE54-9A1E7A4F7556}") = "TeduEcommerce.Application.Tests", "test\TeduEcommerce.Application.Tests\TeduEcommerce.Application.Tests.csproj", "{50B2631D-129C-47B3-A587-029CCD6099BC}"
EndProject
Project("{9A19103F-16F7-4668-BE54-9A1E7A4F7556}") = "TeduEcommerce.Domain.Shared", "src\TeduEcommerce.Domain.Shared\TeduEcommerce.Domain.Shared.csproj", "{42F719ED-8413-4895-B5B4-5AB56079BC66}"
EndProject
Project("{9A19103F-16F7-4668-BE54-9A1E7A4F7556}") = "TeduEcommerce.Application.Contracts", "src\TeduEcommerce.Application.Contracts\TeduEcommerce.Application.Contracts.csproj", "{520659C8-C734-4298-A3DA-B539DB9DFC0B}"
EndProject
Project("{9A19103F-16F7-4668-BE54-9A1E7A4F7556}") = "TeduEcommerce.HttpApi", "src\TeduEcommerce.HttpApi\TeduEcommerce.HttpApi.csproj", "{4164BDF7-F527-4E85-9CE6-E3C2D7426A27}"
EndProject
Project("{9A19103F-16F7-4668-BE54-9A1E7A4F7556}") = "TeduEcommerce.HttpApi.Client", "src\TeduEcommerce.HttpApi.Client\TeduEcommerce.HttpApi.Client.csproj", "{3B5A0094-670D-4BB1-BFDD-61B88A8773DC}"
EndProject
Project("{9A19103F-16F7-4668-BE54-9A1E7A4F7556}") = "TeduEcommerce.AuthServer", "src\TeduEcommerce.AuthServer\TeduEcommerce.AuthServer.csproj", "{073C361E-B8F4-49F5-93CC-72A3FF49C026}"
EndProject
Project("{9A19103F-16F7-4668-BE54-9A1E7A4F7556}") = "TeduEcommerce.HttpApi.Host", "src\TeduEcommerce.HttpApi.Host\TeduEcommerce.HttpApi.Host.csproj", "{E6D5BF0E-DE92-4D82-A352-EF04B37CB11C}"
EndProject
Project("{9A19103F-16F7-4668-BE54-9A1E7A4F7556}") = "TeduEcommerce.EntityFrameworkCore.Tests", "test\TeduEcommerce.EntityFrameworkCore.Tests\TeduEcommerce.EntityFrameworkCore.Tests.csproj", "{1FE30EB9-74A9-47F5-A9F6-7B1FAB672D81}"
EndProject
Project("{9A19103F-16F7-4668-BE54-9A1E7A4F7556}") = "TeduEcommerce.TestBase", "test\TeduEcommerce.TestBase\TeduEcommerce.TestBase.csproj", "{91853F21-9CD9-4132-BC29-A7D5D84FFFE7}"
EndProject
Project("{9A19103F-16F7-4668-BE54-9A1E7A4F7556}") = "TeduEcommerce.Domain.Tests", "test\TeduEcommerce.Domain.Tests\TeduEcommerce.Domain.Tests.csproj", "{E512F4D9-9375-480F-A2F6-A46509F9D824}"
EndProject
Project("{9A19103F-16F7-4668-BE54-9A1E7A4F7556}") = "TeduEcommerce.HttpApi.Client.ConsoleTestApp", "test\TeduEcommerce.HttpApi.Client.ConsoleTestApp\TeduEcommerce.HttpApi.Client.ConsoleTestApp.csproj", "{EF480016-9127-4916-8735-D2466BDBC582}"
EndProject
Project("{9A19103F-16F7-4668-BE54-9A1E7A4F7556}") = "TeduEcommerce.DbMigrator", "src\TeduEcommerce.DbMigrator\TeduEcommerce.DbMigrator.csproj", "{AA94D832-1CCC-4715-95A9-A483F23A1A5D}"
EndProject
Project("{2150E333-8FDC-42A3-9474-1A3956D46DE8}") = "auth", "auth", "{2F4EED4E-2AE3-4DE9-8CD6-9D944CFA8671}"
EndProject
Project("{2150E333-8FDC-42A3-9474-1A3956D46DE8}") = "common", "common", "{1D057B1C-B8FB-44B0-AFDD-680B00389362}"
EndProject
Project("{2150E333-8FDC-42A3-9474-1A3956D46DE8}") = "domain", "domain", "{3745B7ED-D89C-4C70-B27F-7EE443ADC5A7}"
EndProject
Project("{2150E333-8FDC-42A3-9474-1A3956D46DE8}") = "infrastructure", "infrastructure", "{79596AD1-E4BC-46FF-924A-0B5D7D78C3B1}"
EndProject
Project("{2150E333-8FDC-42A3-9474-1A3956D46DE8}") = "admin", "admin", "{9F8C5CB6-C086-4CA3-8545-82504A73DFD7}"
EndProject
Project("{2150E333-8FDC-42A3-9474-1A3956D46DE8}") = "public", "public", "{44085F09-314F-4EFE-8D8D-30D3DF3BCE35}"
EndProject
Project("{9A19103F-16F7-4668-BE54-9A1E7A4F7556}") = "TeduEcommerce.Admin.Application", "src\TeduEcommerce.Admin.Application\TeduEcommerce.Admin.Application.csproj", "{C158945E-7FB2-4A7B-9FCF-A3595556542B}"
EndProject
Project("{9A19103F-16F7-4668-BE54-9A1E7A4F7556}") = "TeduEcommerce.Admin.Application.Contracts", "src\TeduEcommerce.Admin.Application.Contracts\TeduEcommerce.Admin.Application.Contracts.csproj", "{74ACE78E-9FBF-4607-BFE6-82138ECB7AAF}"
EndProject
Project("{9A19103F-16F7-4668-BE54-9A1E7A4F7556}") = "TeduEcommerce.Admin.HttpApi", "src\TeduEcommerce.Admin.HttpApi\TeduEcommerce.Admin.HttpApi.csproj", "{D095784F-2884-431B-9ED0-A6842B400E24}"
EndProject
Project("{9A19103F-16F7-4668-BE54-9A1E7A4F7556}") = "TeduEcommerce.Admin.HttpApi.Client", "src\TeduEcommerce.Admin.HttpApi.Client\TeduEcommerce.Admin.HttpApi.Client.csproj", "{88F503E4-9EA5-4BAC-8892-2332BC1DCBF0}"
EndProject
Project("{9A19103F-16F7-4668-BE54-9A1E7A4F7556}") = "TeduEcommerce.Admin.HttpApi.Host", "src\TeduEcommerce.Admin.HttpApi.Host\TeduEcommerce.Admin.HttpApi.Host.csproj", "{0DA3501B-D4D9-4EE4-BB64-43170E4D8B8F}"
EndProject
Project("{2150E333-8FDC-42A3-9474-1A3956D46DE8}") = "public", "public", "{463842D7-5876-406A-819B-6D67F6986C1A}"
EndProject
Project("{2150E333-8FDC-42A3-9474-1A3956D46DE8}") = "admin", "admin", "{AA856F2C-AFB8-4179-A349-D338A90A156B}"
EndProject
Project("{9A19103F-16F7-4668-BE54-9A1E7A4F7556}") = "TeduEcommerce.Admin.Application.Tests", "test\TeduEcommerce.Admin.Application.Tests\TeduEcommerce.Admin.Application.Tests.csproj", "{652E519F-8E0C-4C46-8D89-649025E7232A}"
EndProject
Project("{9A19103F-16F7-4668-BE54-9A1E7A4F7556}") = "TeduEcommerce.Admin.HttpApi.Client.ConsoleTestApp", "test\TeduEcommerce.Admin.HttpApi.Client.ConsoleTestApp\TeduEcommerce.Admin.HttpApi.Client.ConsoleTestApp.csproj", "{56F39EE1-96ED-4B3B-8CDD-E1DB21D2FF2B}"
EndProject
Project("{2150E333-8FDC-42A3-9474-1A3956D46DE8}") = "shared", "shared", "{2B84A587-E23F-4BDE-B7D3-A1347BBCDF8F}"
EndProject
Global
	GlobalSection(SolutionConfigurationPlatforms) = preSolution
		Debug|Any CPU = Debug|Any CPU
		Release|Any CPU = Release|Any CPU
	EndGlobalSection
	GlobalSection(ProjectConfigurationPlatforms) = postSolution
		{554AD327-6DBA-4F8F-96F8-81CE7A0C863F}.Debug|Any CPU.ActiveCfg = Debug|Any CPU
		{554AD327-6DBA-4F8F-96F8-81CE7A0C863F}.Debug|Any CPU.Build.0 = Debug|Any CPU
		{554AD327-6DBA-4F8F-96F8-81CE7A0C863F}.Release|Any CPU.ActiveCfg = Release|Any CPU
		{554AD327-6DBA-4F8F-96F8-81CE7A0C863F}.Release|Any CPU.Build.0 = Release|Any CPU
		{1A94A50E-06DC-43C1-80B5-B662820EC3EB}.Debug|Any CPU.ActiveCfg = Debug|Any CPU
		{1A94A50E-06DC-43C1-80B5-B662820EC3EB}.Debug|Any CPU.Build.0 = Debug|Any CPU
		{1A94A50E-06DC-43C1-80B5-B662820EC3EB}.Release|Any CPU.ActiveCfg = Release|Any CPU
		{1A94A50E-06DC-43C1-80B5-B662820EC3EB}.Release|Any CPU.Build.0 = Release|Any CPU
		{C956DD76-69C8-4A9C-83EA-D17DF83340FD}.Debug|Any CPU.ActiveCfg = Debug|Any CPU
		{C956DD76-69C8-4A9C-83EA-D17DF83340FD}.Debug|Any CPU.Build.0 = Debug|Any CPU
		{C956DD76-69C8-4A9C-83EA-D17DF83340FD}.Release|Any CPU.ActiveCfg = Release|Any CPU
		{C956DD76-69C8-4A9C-83EA-D17DF83340FD}.Release|Any CPU.Build.0 = Release|Any CPU
		{50B2631D-129C-47B3-A587-029CCD6099BC}.Debug|Any CPU.ActiveCfg = Debug|Any CPU
		{50B2631D-129C-47B3-A587-029CCD6099BC}.Debug|Any CPU.Build.0 = Debug|Any CPU
		{50B2631D-129C-47B3-A587-029CCD6099BC}.Release|Any CPU.ActiveCfg = Release|Any CPU
		{50B2631D-129C-47B3-A587-029CCD6099BC}.Release|Any CPU.Build.0 = Release|Any CPU
		{42F719ED-8413-4895-B5B4-5AB56079BC66}.Debug|Any CPU.ActiveCfg = Debug|Any CPU
		{42F719ED-8413-4895-B5B4-5AB56079BC66}.Debug|Any CPU.Build.0 = Debug|Any CPU
		{42F719ED-8413-4895-B5B4-5AB56079BC66}.Release|Any CPU.ActiveCfg = Release|Any CPU
		{42F719ED-8413-4895-B5B4-5AB56079BC66}.Release|Any CPU.Build.0 = Release|Any CPU
		{520659C8-C734-4298-A3DA-B539DB9DFC0B}.Debug|Any CPU.ActiveCfg = Debug|Any CPU
		{520659C8-C734-4298-A3DA-B539DB9DFC0B}.Debug|Any CPU.Build.0 = Debug|Any CPU
		{520659C8-C734-4298-A3DA-B539DB9DFC0B}.Release|Any CPU.ActiveCfg = Release|Any CPU
		{520659C8-C734-4298-A3DA-B539DB9DFC0B}.Release|Any CPU.Build.0 = Release|Any CPU
		{4164BDF7-F527-4E85-9CE6-E3C2D7426A27}.Debug|Any CPU.ActiveCfg = Debug|Any CPU
		{4164BDF7-F527-4E85-9CE6-E3C2D7426A27}.Debug|Any CPU.Build.0 = Debug|Any CPU
		{4164BDF7-F527-4E85-9CE6-E3C2D7426A27}.Release|Any CPU.ActiveCfg = Release|Any CPU
		{4164BDF7-F527-4E85-9CE6-E3C2D7426A27}.Release|Any CPU.Build.0 = Release|Any CPU
		{3B5A0094-670D-4BB1-BFDD-61B88A8773DC}.Debug|Any CPU.ActiveCfg = Debug|Any CPU
		{3B5A0094-670D-4BB1-BFDD-61B88A8773DC}.Debug|Any CPU.Build.0 = Debug|Any CPU
		{3B5A0094-670D-4BB1-BFDD-61B88A8773DC}.Release|Any CPU.ActiveCfg = Release|Any CPU
		{3B5A0094-670D-4BB1-BFDD-61B88A8773DC}.Release|Any CPU.Build.0 = Release|Any CPU
		{073C361E-B8F4-49F5-93CC-72A3FF49C026}.Debug|Any CPU.ActiveCfg = Debug|Any CPU
		{073C361E-B8F4-49F5-93CC-72A3FF49C026}.Debug|Any CPU.Build.0 = Debug|Any CPU
		{073C361E-B8F4-49F5-93CC-72A3FF49C026}.Release|Any CPU.ActiveCfg = Release|Any CPU
		{073C361E-B8F4-49F5-93CC-72A3FF49C026}.Release|Any CPU.Build.0 = Release|Any CPU
		{E6D5BF0E-DE92-4D82-A352-EF04B37CB11C}.Debug|Any CPU.ActiveCfg = Debug|Any CPU
		{E6D5BF0E-DE92-4D82-A352-EF04B37CB11C}.Debug|Any CPU.Build.0 = Debug|Any CPU
		{E6D5BF0E-DE92-4D82-A352-EF04B37CB11C}.Release|Any CPU.ActiveCfg = Release|Any CPU
		{E6D5BF0E-DE92-4D82-A352-EF04B37CB11C}.Release|Any CPU.Build.0 = Release|Any CPU
		{1FE30EB9-74A9-47F5-A9F6-7B1FAB672D81}.Debug|Any CPU.ActiveCfg = Debug|Any CPU
		{1FE30EB9-74A9-47F5-A9F6-7B1FAB672D81}.Debug|Any CPU.Build.0 = Debug|Any CPU
		{1FE30EB9-74A9-47F5-A9F6-7B1FAB672D81}.Release|Any CPU.ActiveCfg = Release|Any CPU
		{1FE30EB9-74A9-47F5-A9F6-7B1FAB672D81}.Release|Any CPU.Build.0 = Release|Any CPU
		{91853F21-9CD9-4132-BC29-A7D5D84FFFE7}.Debug|Any CPU.ActiveCfg = Debug|Any CPU
		{91853F21-9CD9-4132-BC29-A7D5D84FFFE7}.Debug|Any CPU.Build.0 = Debug|Any CPU
		{91853F21-9CD9-4132-BC29-A7D5D84FFFE7}.Release|Any CPU.ActiveCfg = Release|Any CPU
		{91853F21-9CD9-4132-BC29-A7D5D84FFFE7}.Release|Any CPU.Build.0 = Release|Any CPU
		{E512F4D9-9375-480F-A2F6-A46509F9D824}.Debug|Any CPU.ActiveCfg = Debug|Any CPU
		{E512F4D9-9375-480F-A2F6-A46509F9D824}.Debug|Any CPU.Build.0 = Debug|Any CPU
		{E512F4D9-9375-480F-A2F6-A46509F9D824}.Release|Any CPU.ActiveCfg = Release|Any CPU
		{E512F4D9-9375-480F-A2F6-A46509F9D824}.Release|Any CPU.Build.0 = Release|Any CPU
		{EF480016-9127-4916-8735-D2466BDBC582}.Debug|Any CPU.ActiveCfg = Debug|Any CPU
		{EF480016-9127-4916-8735-D2466BDBC582}.Debug|Any CPU.Build.0 = Debug|Any CPU
		{EF480016-9127-4916-8735-D2466BDBC582}.Release|Any CPU.ActiveCfg = Release|Any CPU
		{EF480016-9127-4916-8735-D2466BDBC582}.Release|Any CPU.Build.0 = Release|Any CPU
		{AA94D832-1CCC-4715-95A9-A483F23A1A5D}.Debug|Any CPU.ActiveCfg = Debug|Any CPU
		{AA94D832-1CCC-4715-95A9-A483F23A1A5D}.Debug|Any CPU.Build.0 = Debug|Any CPU
		{AA94D832-1CCC-4715-95A9-A483F23A1A5D}.Release|Any CPU.ActiveCfg = Release|Any CPU
		{AA94D832-1CCC-4715-95A9-A483F23A1A5D}.Release|Any CPU.Build.0 = Release|Any CPU
		{C158945E-7FB2-4A7B-9FCF-A3595556542B}.Debug|Any CPU.ActiveCfg = Debug|Any CPU
		{C158945E-7FB2-4A7B-9FCF-A3595556542B}.Debug|Any CPU.Build.0 = Debug|Any CPU
		{C158945E-7FB2-4A7B-9FCF-A3595556542B}.Release|Any CPU.ActiveCfg = Release|Any CPU
		{C158945E-7FB2-4A7B-9FCF-A3595556542B}.Release|Any CPU.Build.0 = Release|Any CPU
		{74ACE78E-9FBF-4607-BFE6-82138ECB7AAF}.Debug|Any CPU.ActiveCfg = Debug|Any CPU
		{74ACE78E-9FBF-4607-BFE6-82138ECB7AAF}.Debug|Any CPU.Build.0 = Debug|Any CPU
		{74ACE78E-9FBF-4607-BFE6-82138ECB7AAF}.Release|Any CPU.ActiveCfg = Release|Any CPU
		{74ACE78E-9FBF-4607-BFE6-82138ECB7AAF}.Release|Any CPU.Build.0 = Release|Any CPU
		{D095784F-2884-431B-9ED0-A6842B400E24}.Debug|Any CPU.ActiveCfg = Debug|Any CPU
		{D095784F-2884-431B-9ED0-A6842B400E24}.Debug|Any CPU.Build.0 = Debug|Any CPU
		{D095784F-2884-431B-9ED0-A6842B400E24}.Release|Any CPU.ActiveCfg = Release|Any CPU
		{D095784F-2884-431B-9ED0-A6842B400E24}.Release|Any CPU.Build.0 = Release|Any CPU
		{88F503E4-9EA5-4BAC-8892-2332BC1DCBF0}.Debug|Any CPU.ActiveCfg = Debug|Any CPU
		{88F503E4-9EA5-4BAC-8892-2332BC1DCBF0}.Debug|Any CPU.Build.0 = Debug|Any CPU
		{88F503E4-9EA5-4BAC-8892-2332BC1DCBF0}.Release|Any CPU.ActiveCfg = Release|Any CPU
		{88F503E4-9EA5-4BAC-8892-2332BC1DCBF0}.Release|Any CPU.Build.0 = Release|Any CPU
		{0DA3501B-D4D9-4EE4-BB64-43170E4D8B8F}.Debug|Any CPU.ActiveCfg = Debug|Any CPU
		{0DA3501B-D4D9-4EE4-BB64-43170E4D8B8F}.Debug|Any CPU.Build.0 = Debug|Any CPU
		{0DA3501B-D4D9-4EE4-BB64-43170E4D8B8F}.Release|Any CPU.ActiveCfg = Release|Any CPU
		{0DA3501B-D4D9-4EE4-BB64-43170E4D8B8F}.Release|Any CPU.Build.0 = Release|Any CPU
		{652E519F-8E0C-4C46-8D89-649025E7232A}.Debug|Any CPU.ActiveCfg = Debug|Any CPU
		{652E519F-8E0C-4C46-8D89-649025E7232A}.Debug|Any CPU.Build.0 = Debug|Any CPU
		{652E519F-8E0C-4C46-8D89-649025E7232A}.Release|Any CPU.ActiveCfg = Release|Any CPU
		{652E519F-8E0C-4C46-8D89-649025E7232A}.Release|Any CPU.Build.0 = Release|Any CPU
		{56F39EE1-96ED-4B3B-8CDD-E1DB21D2FF2B}.Debug|Any CPU.ActiveCfg = Debug|Any CPU
		{56F39EE1-96ED-4B3B-8CDD-E1DB21D2FF2B}.Debug|Any CPU.Build.0 = Debug|Any CPU
		{56F39EE1-96ED-4B3B-8CDD-E1DB21D2FF2B}.Release|Any CPU.ActiveCfg = Release|Any CPU
		{56F39EE1-96ED-4B3B-8CDD-E1DB21D2FF2B}.Release|Any CPU.Build.0 = Release|Any CPU
	EndGlobalSection
	GlobalSection(SolutionProperties) = preSolution
		HideSolutionNode = FALSE
	EndGlobalSection
	GlobalSection(NestedProjects) = preSolution
		{554AD327-6DBA-4F8F-96F8-81CE7A0C863F} = {3745B7ED-D89C-4C70-B27F-7EE443ADC5A7}
		{1A94A50E-06DC-43C1-80B5-B662820EC3EB} = {44085F09-314F-4EFE-8D8D-30D3DF3BCE35}
		{C956DD76-69C8-4A9C-83EA-D17DF83340FD} = {79596AD1-E4BC-46FF-924A-0B5D7D78C3B1}
		{50B2631D-129C-47B3-A587-029CCD6099BC} = {463842D7-5876-406A-819B-6D67F6986C1A}
		{42F719ED-8413-4895-B5B4-5AB56079BC66} = {3745B7ED-D89C-4C70-B27F-7EE443ADC5A7}
		{520659C8-C734-4298-A3DA-B539DB9DFC0B} = {44085F09-314F-4EFE-8D8D-30D3DF3BCE35}
		{4164BDF7-F527-4E85-9CE6-E3C2D7426A27} = {44085F09-314F-4EFE-8D8D-30D3DF3BCE35}
		{3B5A0094-670D-4BB1-BFDD-61B88A8773DC} = {44085F09-314F-4EFE-8D8D-30D3DF3BCE35}
		{073C361E-B8F4-49F5-93CC-72A3FF49C026} = {2F4EED4E-2AE3-4DE9-8CD6-9D944CFA8671}
		{E6D5BF0E-DE92-4D82-A352-EF04B37CB11C} = {44085F09-314F-4EFE-8D8D-30D3DF3BCE35}
		{1FE30EB9-74A9-47F5-A9F6-7B1FAB672D81} = {2B84A587-E23F-4BDE-B7D3-A1347BBCDF8F}
		{91853F21-9CD9-4132-BC29-A7D5D84FFFE7} = {2B84A587-E23F-4BDE-B7D3-A1347BBCDF8F}
		{E512F4D9-9375-480F-A2F6-A46509F9D824} = {2B84A587-E23F-4BDE-B7D3-A1347BBCDF8F}
		{EF480016-9127-4916-8735-D2466BDBC582} = {463842D7-5876-406A-819B-6D67F6986C1A}
		{AA94D832-1CCC-4715-95A9-A483F23A1A5D} = {79596AD1-E4BC-46FF-924A-0B5D7D78C3B1}
		{2F4EED4E-2AE3-4DE9-8CD6-9D944CFA8671} = {CA9AC87F-097E-4F15-8393-4BC07735A5B0}
		{1D057B1C-B8FB-44B0-AFDD-680B00389362} = {CA9AC87F-097E-4F15-8393-4BC07735A5B0}
		{3745B7ED-D89C-4C70-B27F-7EE443ADC5A7} = {1D057B1C-B8FB-44B0-AFDD-680B00389362}
		{79596AD1-E4BC-46FF-924A-0B5D7D78C3B1} = {1D057B1C-B8FB-44B0-AFDD-680B00389362}
		{9F8C5CB6-C086-4CA3-8545-82504A73DFD7} = {CA9AC87F-097E-4F15-8393-4BC07735A5B0}
		{44085F09-314F-4EFE-8D8D-30D3DF3BCE35} = {CA9AC87F-097E-4F15-8393-4BC07735A5B0}
		{C158945E-7FB2-4A7B-9FCF-A3595556542B} = {9F8C5CB6-C086-4CA3-8545-82504A73DFD7}
		{74ACE78E-9FBF-4607-BFE6-82138ECB7AAF} = {9F8C5CB6-C086-4CA3-8545-82504A73DFD7}
		{D095784F-2884-431B-9ED0-A6842B400E24} = {9F8C5CB6-C086-4CA3-8545-82504A73DFD7}
		{88F503E4-9EA5-4BAC-8892-2332BC1DCBF0} = {9F8C5CB6-C086-4CA3-8545-82504A73DFD7}
		{0DA3501B-D4D9-4EE4-BB64-43170E4D8B8F} = {9F8C5CB6-C086-4CA3-8545-82504A73DFD7}
		{463842D7-5876-406A-819B-6D67F6986C1A} = {04DBDB01-70F4-4E06-B468-8F87850B22BE}
		{AA856F2C-AFB8-4179-A349-D338A90A156B} = {04DBDB01-70F4-4E06-B468-8F87850B22BE}
		{652E519F-8E0C-4C46-8D89-649025E7232A} = {AA856F2C-AFB8-4179-A349-D338A90A156B}
		{56F39EE1-96ED-4B3B-8CDD-E1DB21D2FF2B} = {AA856F2C-AFB8-4179-A349-D338A90A156B}
		{2B84A587-E23F-4BDE-B7D3-A1347BBCDF8F} = {04DBDB01-70F4-4E06-B468-8F87850B22BE}
	EndGlobalSection
	GlobalSection(ExtensibilityGlobals) = postSolution
		SolutionGuid = {28315BFD-90E7-4E14-A2EA-F3D23AF4126F}
	EndGlobalSection
EndGlobal
